
Microsoft Visual Studio Solution File, Format Version 12.00
# Visual Studio 15
VisualStudioVersion = 15.0.28307.572
MinimumVisualStudioVersion = 10.0.40219.1
Project("{8BC9CEB8-8B4A-11D0-8D11-00A0C91BC942}") = "game", "game.vcxproj", "{DDD280D7-4B85-4B03-BBC4-C46CA9BECCCB}"
EndProject
Project("{54435603-DBB4-11D2-8724-00A0C9A8B90C}") = "Setup", "gameSetup.vdproj", "{984E2E2A-0DB0-4F9D-9E5C-A3C536609A39}"
EndProject
Project("{54435603-DBB4-11D2-8724-00A0C9A8B90C}") = "以撒（横板）", "C:\Users\PC\Desktop\OOP实习\以撒（横板）\以撒（横板）.vdproj", "{6FAFD067-253B-4F3C-A006-FB2982D691DF}"
EndProject
Project("{54435603-DBB4-11D2-8724-00A0C9A8B90C}") = "ISA_ScrollVersion", "Setup-files\ISA_ScrollVersion\ISA_ScrollVersion.vdproj", "{29686B3A-4AFC-43D9-A044-55A482D4ABC3}"
EndProject
Global
	GlobalSection(SolutionConfigurationPlatforms) = preSolution
		Debug|Win32 = Debug|Win32
		Release|Win32 = Release|Win32
	EndGlobalSection
	GlobalSection(ProjectConfigurationPlatforms) = postSolution
		{DDD280D7-4B85-4B03-BBC4-C46CA9BECCCB}.Debug|Win32.ActiveCfg = Debug|Win32
		{DDD280D7-4B85-4B03-BBC4-C46CA9BECCCB}.Debug|Win32.Build.0 = Debug|Win32
		{DDD280D7-4B85-4B03-BBC4-C46CA9BECCCB}.Release|Win32.ActiveCfg = Release|Win32
		{DDD280D7-4B85-4B03-BBC4-C46CA9BECCCB}.Release|Win32.Build.0 = Release|Win32
		{984E2E2A-0DB0-4F9D-9E5C-A3C536609A39}.Debug|Win32.ActiveCfg = Debug
		{984E2E2A-0DB0-4F9D-9E5C-A3C536609A39}.Release|Win32.ActiveCfg = Release
		{984E2E2A-0DB0-4F9D-9E5C-A3C536609A39}.Release|Win32.Build.0 = Release
		{6FAFD067-253B-4F3C-A006-FB2982D691DF}.Debug|Win32.ActiveCfg = Debug
		{6FAFD067-253B-4F3C-A006-FB2982D691DF}.Release|Win32.ActiveCfg = Release
		{29686B3A-4AFC-43D9-A044-55A482D4ABC3}.Debug|Win32.ActiveCfg = Debug
		{29686B3A-4AFC-43D9-A044-55A482D4ABC3}.Release|Win32.ActiveCfg = Release
	EndGlobalSection
	GlobalSection(SolutionProperties) = preSolution
		HideSolutionNode = FALSE
	EndGlobalSection
	GlobalSection(ExtensibilityGlobals) = postSolution
		SolutionGuid = {9CDF5500-5C5E-4C38-9A21-77D6F8F91ADA}
	EndGlobalSection
EndGlobal
